# -------------------------------------------------------------------------- #
#
# Copyright (C) 1991-2013 Altera Corporation
# Your use of Altera Corporation's design tools, logic functions 
# and other software and tools, and its AMPP partner logic 
# functions, and any output files from any of the foregoing 
# (including device programming or simulation files), and any 
# associated documentation or information are expressly subject 
# to the terms and conditions of the Altera Program License 
# Subscription Agreement, Altera MegaCore Function License 
# Agreement, or other applicable license agreement, including, 
# without limitation, that your use is for the sole purpose of 
# programming logic devices manufactured by Altera and sold by 
# Altera or its authorized distributors.  Please refer to the 
# applicable agreement for further details.
#
# -------------------------------------------------------------------------- #
#
# Quartus II 32-bit
# Version 13.0.1 Build 232 06/12/2013 Service Pack 1 SJ Full Version
# Date created = 15:53:39  June 25, 2015
#
# -------------------------------------------------------------------------- #
#
# Notes:
#
# 1) The default values for assignments are stored in the file:
#		top_level_assignment_defaults.qdf
#    If this file doesn't exist, see file:
#		assignment_defaults.qdf
#
# 2) Altera recommends that you do not modify this file. This
#    file is updated automatically by the Quartus II software
#    and any changes you make may be lost or overwritten.
#
# -------------------------------------------------------------------------- #


set_global_assignment -name FAMILY "Cyclone IV GX"
set_global_assignment -name DEVICE auto
set_global_assignment -name TOP_LEVEL_ENTITY top_level
set_global_assignment -name ORIGINAL_QUARTUS_VERSION "13.0 SP1"
set_global_assignment -name PROJECT_CREATION_TIME_DATE "15:53:39  JUNE 25, 2015"
set_global_assignment -name LAST_QUARTUS_VERSION "13.0 SP1"
set_global_assignment -name VHDL_FILE zero_1.vhd
set_global_assignment -name VHDL_FILE xr2_1.vhd
set_global_assignment -name VHDL_FILE top_level.vhd
set_global_assignment -name VHDL_FILE slansky_nbit0_32_nbit1_32_extended_false_signed_true.vhd
set_global_assignment -name VHDL_FILE pigi.vhd
set_global_assignment -name VHDL_FILE pigibus32.vhd
set_global_assignment -name VHDL_FILE pigibus16.vhd
set_global_assignment -name VHDL_FILE pgtree32slansky.vhd
set_global_assignment -name VHDL_FILE pgtree16slansky.vhd
set_global_assignment -name VHDL_FILE pg.vhd
set_global_assignment -name VHDL_FILE one_1.vhd
set_global_assignment -name VHDL_FILE o2_1.vhd
set_global_assignment -name VHDL_FILE mul16_16.vhd
set_global_assignment -name VHDL_FILE inv_1.vhd
set_global_assignment -name VHDL_FILE half_adder.vhd
set_global_assignment -name VHDL_FILE full_adder.vhd
set_global_assignment -name VHDL_FILE constant_0b1011111011101100.vhd
set_global_assignment -name VHDL_FILE constant_0b1011000001101101.vhd
set_global_assignment -name VHDL_FILE constant_0b1001111001110111.vhd
set_global_assignment -name VHDL_FILE constant_0b0100000000000000.vhd
set_global_assignment -name VHDL_FILE buf_32.vhd
set_global_assignment -name VHDL_FILE buf_1.vhd
set_global_assignment -name VHDL_FILE buf_16.vhd
set_global_assignment -name VHDL_FILE booth_mux.vhd
set_global_assignment -name VHDL_FILE booth_decoder.vhd
set_global_assignment -name VHDL_FILE add32.vhd
set_global_assignment -name VHDL_FILE add16.vhd
set_global_assignment -name VHDL_FILE a2_1.vhd
set_global_assignment -name PROJECT_OUTPUT_DIRECTORY output_files
set_global_assignment -name EDA_SIMULATION_TOOL "ModelSim-Altera (VHDL)"
set_global_assignment -name EDA_OUTPUT_DATA_FORMAT VHDL -section_id eda_simulation
set_global_assignment -name PARTITION_NETLIST_TYPE SOURCE -section_id Top
set_global_assignment -name PARTITION_FITTER_PRESERVATION_LEVEL PLACEMENT_AND_ROUTING -section_id Top
set_global_assignment -name PARTITION_COLOR 16764057 -section_id Top
set_global_assignment -name SEARCH_PATH /soc/alliance/cells/sxlib
set_instance_assignment -name PARTITION_HIERARCHY root_partition -to | -section_id Top